// !$*UTF8*$!
{
	archiveVersion = 1;
	classes = {
	};
	objectVersion = 46;
	objects = {

/* Begin PBXBuildFile section */
		A2482D581B54F8D0007BF49A /* DeviceListController.m in Sources */ = {isa = PBXBuildFile; fileRef = A2482D571B54F8D0007BF49A /* DeviceListController.m */; };
		A2498FB41B5D324000E2BFC2 /* AProcess.m in Sources */ = {isa = PBXBuildFile; fileRef = A2498FB31B5D324000E2BFC2 /* AProcess.m */; };
		A2498FB81B5E49BD00E2BFC2 /* AProcessList.m in Sources */ = {isa = PBXBuildFile; fileRef = A2498FB71B5E49BD00E2BFC2 /* AProcessList.m */; };
		A29917AC1B56A34D005F8301 /* ProgressPanel.m in Sources */ = {isa = PBXBuildFile; fileRef = A29917AB1B56A34D005F8301 /* ProgressPanel.m */; };
		A29917B01B578D32005F8301 /* BugreportParser.m in Sources */ = {isa = PBXBuildFile; fileRef = A29917AF1B578D32005F8301 /* BugreportParser.m */; };
		A2C2C51B1BD8C1EA00DE4179 /* parsing_functions.m in Sources */ = {isa = PBXBuildFile; fileRef = A2C2C5191BD8C1EA00DE4179 /* parsing_functions.m */; };
		D209D2F51C0CD0FC002648E2 /* AUptime.m in Sources */ = {isa = PBXBuildFile; fileRef = D209D2F41C0CD0FC002648E2 /* AUptime.m */; };
		D22C45231B2F5E8400FABC6D /* AppDelegate.m in Sources */ = {isa = PBXBuildFile; fileRef = D22C45221B2F5E8400FABC6D /* AppDelegate.m */; };
		D22C45251B2F5E8400FABC6D /* main.m in Sources */ = {isa = PBXBuildFile; fileRef = D22C45241B2F5E8400FABC6D /* main.m */; };
		D22C45281B2F5E8400FABC6D /* MainWindowController.m in Sources */ = {isa = PBXBuildFile; fileRef = D22C45271B2F5E8400FABC6D /* MainWindowController.m */; };
		D22C452A1B2F5E8400FABC6D /* Images.xcassets in Resources */ = {isa = PBXBuildFile; fileRef = D22C45291B2F5E8400FABC6D /* Images.xcassets */; };
		D22C45391B2F5E8400FABC6D /* BugreportViewerTests.m in Sources */ = {isa = PBXBuildFile; fileRef = D22C45381B2F5E8400FABC6D /* BugreportViewerTests.m */; };
		D2ABD6531B4883CF00653319 /* MainMenu.xib in Resources */ = {isa = PBXBuildFile; fileRef = D2ABD6521B4883CF00653319 /* MainMenu.xib */; };
		D2ABD6561B489EB900653319 /* SidebarTableCellView.m in Sources */ = {isa = PBXBuildFile; fileRef = D2ABD6551B489EB900653319 /* SidebarTableCellView.m */; };
		D2ABD6591B49831A00653319 /* ADBController.m in Sources */ = {isa = PBXBuildFile; fileRef = D2ABD6581B49831A00653319 /* ADBController.m */; };
		D2CDAB1C20D1A8A500418FC0 /* USBObserver.m in Sources */ = {isa = PBXBuildFile; fileRef = D2CDAB1B20D1A8A500418FC0 /* USBObserver.m */; };
/* End PBXBuildFile section */

/* Begin PBXContainerItemProxy section */
		D22C45331B2F5E8400FABC6D /* PBXContainerItemProxy */ = {
			isa = PBXContainerItemProxy;
			containerPortal = D22C45141B2F5E8400FABC6D /* Project object */;
			proxyType = 1;
			remoteGlobalIDString = D22C451B1B2F5E8400FABC6D;
			remoteInfo = BugreportViewer;
		};
/* End PBXContainerItemProxy section */

/* Begin PBXFileReference section */
		A2482D561B54F8D0007BF49A /* DeviceListController.h */ = {isa = PBXFileReference; fileEncoding = 4; lastKnownFileType = sourcecode.c.h; path = DeviceListController.h; sourceTree = "<group>"; };
		A2482D571B54F8D0007BF49A /* DeviceListController.m */ = {isa = PBXFileReference; fileEncoding = 4; lastKnownFileType = sourcecode.c.objc; path = DeviceListController.m; sourceTree = "<group>"; };
		A2498FB21B5D324000E2BFC2 /* AProcess.h */ = {isa = PBXFileReference; fileEncoding = 4; lastKnownFileType = sourcecode.c.h; path = AProcess.h; sourceTree = "<group>"; };
		A2498FB31B5D324000E2BFC2 /* AProcess.m */ = {isa = PBXFileReference; fileEncoding = 4; lastKnownFileType = sourcecode.c.objc; path = AProcess.m; sourceTree = "<group>"; };
		A2498FB61B5E49BD00E2BFC2 /* AProcessList.h */ = {isa = PBXFileReference; fileEncoding = 4; lastKnownFileType = sourcecode.c.h; path = AProcessList.h; sourceTree = "<group>"; };
		A2498FB71B5E49BD00E2BFC2 /* AProcessList.m */ = {isa = PBXFileReference; fileEncoding = 4; lastKnownFileType = sourcecode.c.objc; path = AProcessList.m; sourceTree = "<group>"; };
		A29917AA1B56A34D005F8301 /* ProgressPanel.h */ = {isa = PBXFileReference; fileEncoding = 4; lastKnownFileType = sourcecode.c.h; path = ProgressPanel.h; sourceTree = "<group>"; };
		A29917AB1B56A34D005F8301 /* ProgressPanel.m */ = {isa = PBXFileReference; fileEncoding = 4; lastKnownFileType = sourcecode.c.objc; path = ProgressPanel.m; sourceTree = "<group>"; };
		A29917AE1B578D32005F8301 /* BugreportParser.h */ = {isa = PBXFileReference; fileEncoding = 4; lastKnownFileType = sourcecode.c.h; path = BugreportParser.h; sourceTree = "<group>"; };
		A29917AF1B578D32005F8301 /* BugreportParser.m */ = {isa = PBXFileReference; fileEncoding = 4; lastKnownFileType = sourcecode.c.objc; path = BugreportParser.m; sourceTree = "<group>"; };
		A2C2C5191BD8C1EA00DE4179 /* parsing_functions.m */ = {isa = PBXFileReference; fileEncoding = 4; lastKnownFileType = sourcecode.c.objc; path = parsing_functions.m; sourceTree = "<group>"; };
		A2C2C51A1BD8C1EA00DE4179 /* parsing_functions.h */ = {isa = PBXFileReference; fileEncoding = 4; lastKnownFileType = sourcecode.c.h; path = parsing_functions.h; sourceTree = "<group>"; };
		D209D2F31C0CD0FC002648E2 /* AUptime.h */ = {isa = PBXFileReference; fileEncoding = 4; lastKnownFileType = sourcecode.c.h; path = AUptime.h; sourceTree = "<group>"; };
		D209D2F41C0CD0FC002648E2 /* AUptime.m */ = {isa = PBXFileReference; fileEncoding = 4; lastKnownFileType = sourcecode.c.objc; path = AUptime.m; sourceTree = "<group>"; };
		D22C451C1B2F5E8400FABC6D /* BugreportViewer.app */ = {isa = PBXFileReference; explicitFileType = wrapper.application; includeInIndex = 0; path = BugreportViewer.app; sourceTree = BUILT_PRODUCTS_DIR; };
		D22C45201B2F5E8400FABC6D /* Info.plist */ = {isa = PBXFileReference; lastKnownFileType = text.plist.xml; path = Info.plist; sourceTree = "<group>"; };
		D22C45211B2F5E8400FABC6D /* AppDelegate.h */ = {isa = PBXFileReference; lastKnownFileType = sourcecode.c.h; path = AppDelegate.h; sourceTree = "<group>"; };
		D22C45221B2F5E8400FABC6D /* AppDelegate.m */ = {isa = PBXFileReference; lastKnownFileType = sourcecode.c.objc; path = AppDelegate.m; sourceTree = "<group>"; };
		D22C45241B2F5E8400FABC6D /* main.m */ = {isa = PBXFileReference; lastKnownFileType = sourcecode.c.objc; path = main.m; sourceTree = "<group>"; };
		D22C45261B2F5E8400FABC6D /* MainWindowController.h */ = {isa = PBXFileReference; lastKnownFileType = sourcecode.c.h; path = MainWindowController.h; sourceTree = "<group>"; };
		D22C45271B2F5E8400FABC6D /* MainWindowController.m */ = {isa = PBXFileReference; lastKnownFileType = sourcecode.c.objc; path = MainWindowController.m; sourceTree = "<group>"; };
		D22C45291B2F5E8400FABC6D /* Images.xcassets */ = {isa = PBXFileReference; lastKnownFileType = folder.assetcatalog; path = Images.xcassets; sourceTree = "<group>"; };
		D22C45321B2F5E8400FABC6D /* BugreportViewerTests.xctest */ = {isa = PBXFileReference; explicitFileType = wrapper.cfbundle; includeInIndex = 0; path = BugreportViewerTests.xctest; sourceTree = BUILT_PRODUCTS_DIR; };
		D22C45371B2F5E8400FABC6D /* Info.plist */ = {isa = PBXFileReference; lastKnownFileType = text.plist.xml; path = Info.plist; sourceTree = "<group>"; };
		D22C45381B2F5E8400FABC6D /* BugreportViewerTests.m */ = {isa = PBXFileReference; lastKnownFileType = sourcecode.c.objc; path = BugreportViewerTests.m; sourceTree = "<group>"; };
		D2ABD6521B4883CF00653319 /* MainMenu.xib */ = {isa = PBXFileReference; fileEncoding = 4; lastKnownFileType = file.xib; path = MainMenu.xib; sourceTree = "<group>"; };
		D2ABD6541B489EB900653319 /* SidebarTableCellView.h */ = {isa = PBXFileReference; fileEncoding = 4; lastKnownFileType = sourcecode.c.h; path = SidebarTableCellView.h; sourceTree = "<group>"; };
		D2ABD6551B489EB900653319 /* SidebarTableCellView.m */ = {isa = PBXFileReference; fileEncoding = 4; lastKnownFileType = sourcecode.c.objc; path = SidebarTableCellView.m; sourceTree = "<group>"; };
		D2ABD6571B49831A00653319 /* ADBController.h */ = {isa = PBXFileReference; fileEncoding = 4; lastKnownFileType = sourcecode.c.h; name = ADBController.h; path = ../adb/ADBController.h; sourceTree = "<group>"; };
		D2ABD6581B49831A00653319 /* ADBController.m */ = {isa = PBXFileReference; fileEncoding = 4; lastKnownFileType = sourcecode.c.objc; name = ADBController.m; path = ../adb/ADBController.m; sourceTree = "<group>"; };
		D2ABD65B1B498F5300653319 /* ADBDelegate.h */ = {isa = PBXFileReference; lastKnownFileType = sourcecode.c.h; name = ADBDelegate.h; path = ../adb/ADBDelegate.h; sourceTree = "<group>"; };
		D2CDAB1A20D1A8A500418FC0 /* USBObserver.h */ = {isa = PBXFileReference; lastKnownFileType = sourcecode.c.h; path = USBObserver.h; sourceTree = "<group>"; };
		D2CDAB1B20D1A8A500418FC0 /* USBObserver.m */ = {isa = PBXFileReference; lastKnownFileType = sourcecode.c.objc; path = USBObserver.m; sourceTree = "<group>"; };
/* End PBXFileReference section */

/* Begin PBXFrameworksBuildPhase section */
		D22C45191B2F5E8400FABC6D /* Frameworks */ = {
			isa = PBXFrameworksBuildPhase;
			buildActionMask = 2147483647;
			files = (
			);
			runOnlyForDeploymentPostprocessing = 0;
		};
		D22C452F1B2F5E8400FABC6D /* Frameworks */ = {
			isa = PBXFrameworksBuildPhase;
			buildActionMask = 2147483647;
			files = (
			);
			runOnlyForDeploymentPostprocessing = 0;
		};
/* End PBXFrameworksBuildPhase section */

/* Begin PBXGroup section */
		A2498FB51B5D324600E2BFC2 /* Android */ = {
			isa = PBXGroup;
			children = (
				A2498FB21B5D324000E2BFC2 /* AProcess.h */,
				A2498FB31B5D324000E2BFC2 /* AProcess.m */,
				A2498FB61B5E49BD00E2BFC2 /* AProcessList.h */,
				A2498FB71B5E49BD00E2BFC2 /* AProcessList.m */,
				D209D2F31C0CD0FC002648E2 /* AUptime.h */,
				D209D2F41C0CD0FC002648E2 /* AUptime.m */,
			);
			name = Android;
			sourceTree = "<group>";
		};
		A29917AD1B578CFC005F8301 /* ADB */ = {
			isa = PBXGroup;
			children = (
				D2ABD65B1B498F5300653319 /* ADBDelegate.h */,
				D2ABD6571B49831A00653319 /* ADBController.h */,
				D2ABD6581B49831A00653319 /* ADBController.m */,
				A29917AE1B578D32005F8301 /* BugreportParser.h */,
				A29917AF1B578D32005F8301 /* BugreportParser.m */,
			);
			name = ADB;
			sourceTree = "<group>";
		};
		D22C45131B2F5E8400FABC6D = {
			isa = PBXGroup;
			children = (
				D2ABD6521B4883CF00653319 /* MainMenu.xib */,
				D22C451E1B2F5E8400FABC6D /* BugreportViewer */,
				D22C45351B2F5E8400FABC6D /* BugreportViewerTests */,
				D22C451D1B2F5E8400FABC6D /* Products */,
			);
			sourceTree = "<group>";
		};
		D22C451D1B2F5E8400FABC6D /* Products */ = {
			isa = PBXGroup;
			children = (
				D22C451C1B2F5E8400FABC6D /* BugreportViewer.app */,
				D22C45321B2F5E8400FABC6D /* BugreportViewerTests.xctest */,
			);
			name = Products;
			sourceTree = "<group>";
		};
		D22C451E1B2F5E8400FABC6D /* BugreportViewer */ = {
			isa = PBXGroup;
			children = (
				D2CDAB1920D1A87800418FC0 /* USB */,
				A2482D561B54F8D0007BF49A /* DeviceListController.h */,
				A2482D571B54F8D0007BF49A /* DeviceListController.m */,
				A29917AD1B578CFC005F8301 /* ADB */,
				A29917AA1B56A34D005F8301 /* ProgressPanel.h */,
				A29917AB1B56A34D005F8301 /* ProgressPanel.m */,
				D22C45211B2F5E8400FABC6D /* AppDelegate.h */,
				D22C45221B2F5E8400FABC6D /* AppDelegate.m */,
				D22C45261B2F5E8400FABC6D /* MainWindowController.h */,
				D22C45271B2F5E8400FABC6D /* MainWindowController.m */,
				D22C45291B2F5E8400FABC6D /* Images.xcassets */,
				D22C451F1B2F5E8400FABC6D /* Supporting Files */,
				D2ABD6541B489EB900653319 /* SidebarTableCellView.h */,
				D2ABD6551B489EB900653319 /* SidebarTableCellView.m */,
				A2498FB51B5D324600E2BFC2 /* Android */,
				A2C2C5191BD8C1EA00DE4179 /* parsing_functions.m */,
				A2C2C51A1BD8C1EA00DE4179 /* parsing_functions.h */,
			);
			path = BugreportViewer;
			sourceTree = "<group>";
		};
		D22C451F1B2F5E8400FABC6D /* Supporting Files */ = {
			isa = PBXGroup;
			children = (
				D22C45201B2F5E8400FABC6D /* Info.plist */,
				D22C45241B2F5E8400FABC6D /* main.m */,
			);
			name = "Supporting Files";
			sourceTree = "<group>";
		};
		D22C45351B2F5E8400FABC6D /* BugreportViewerTests */ = {
			isa = PBXGroup;
			children = (
				D22C45381B2F5E8400FABC6D /* BugreportViewerTests.m */,
				D22C45361B2F5E8400FABC6D /* Supporting Files */,
			);
			path = BugreportViewerTests;
			sourceTree = "<group>";
		};
		D22C45361B2F5E8400FABC6D /* Supporting Files */ = {
			isa = PBXGroup;
			children = (
				D22C45371B2F5E8400FABC6D /* Info.plist */,
			);
			name = "Supporting Files";
			sourceTree = "<group>";
		};
		D2CDAB1920D1A87800418FC0 /* USB */ = {
			isa = PBXGroup;
			children = (
				D2CDAB1A20D1A8A500418FC0 /* USBObserver.h */,
				D2CDAB1B20D1A8A500418FC0 /* USBObserver.m */,
			);
			name = USB;
			sourceTree = "<group>";
		};
/* End PBXGroup section */

/* Begin PBXNativeTarget section */
		D22C451B1B2F5E8400FABC6D /* BugreportViewer */ = {
			isa = PBXNativeTarget;
			buildConfigurationList = D22C453C1B2F5E8400FABC6D /* Build configuration list for PBXNativeTarget "BugreportViewer" */;
			buildPhases = (
				D22C45181B2F5E8400FABC6D /* Sources */,
				D22C45191B2F5E8400FABC6D /* Frameworks */,
				D22C451A1B2F5E8400FABC6D /* Resources */,
			);
			buildRules = (
			);
			dependencies = (
			);
			name = BugreportViewer;
			productName = BugreportViewer;
			productReference = D22C451C1B2F5E8400FABC6D /* BugreportViewer.app */;
			productType = "com.apple.product-type.application";
		};
		D22C45311B2F5E8400FABC6D /* BugreportViewerTests */ = {
			isa = PBXNativeTarget;
			buildConfigurationList = D22C453F1B2F5E8400FABC6D /* Build configuration list for PBXNativeTarget "BugreportViewerTests" */;
			buildPhases = (
				D22C452E1B2F5E8400FABC6D /* Sources */,
				D22C452F1B2F5E8400FABC6D /* Frameworks */,
				D22C45301B2F5E8400FABC6D /* Resources */,
			);
			buildRules = (
			);
			dependencies = (
				D22C45341B2F5E8400FABC6D /* PBXTargetDependency */,
			);
			name = BugreportViewerTests;
			productName = BugreportViewerTests;
			productReference = D22C45321B2F5E8400FABC6D /* BugreportViewerTests.xctest */;
			productType = "com.apple.product-type.bundle.unit-test";
		};
/* End PBXNativeTarget section */

/* Begin PBXProject section */
		D22C45141B2F5E8400FABC6D /* Project object */ = {
			isa = PBXProject;
			attributes = {
				LastUpgradeCheck = 0710;
				ORGANIZATIONNAME = "Yury Bereza";
				TargetAttributes = {
					D22C451B1B2F5E8400FABC6D = {
						CreatedOnToolsVersion = 6.3.2;
					};
					D22C45311B2F5E8400FABC6D = {
						CreatedOnToolsVersion = 6.3.2;
						TestTargetID = D22C451B1B2F5E8400FABC6D;
					};
				};
			};
			buildConfigurationList = D22C45171B2F5E8400FABC6D /* Build configuration list for PBXProject "BugreportViewer" */;
			compatibilityVersion = "Xcode 3.2";
			developmentRegion = English;
			hasScannedForEncodings = 0;
			knownRegions = (
				en,
				Base,
			);
			mainGroup = D22C45131B2F5E8400FABC6D;
			productRefGroup = D22C451D1B2F5E8400FABC6D /* Products */;
			projectDirPath = "";
			projectRoot = "";
			targets = (
				D22C451B1B2F5E8400FABC6D /* BugreportViewer */,
				D22C45311B2F5E8400FABC6D /* BugreportViewerTests */,
			);
		};
/* End PBXProject section */

/* Begin PBXResourcesBuildPhase section */
		D22C451A1B2F5E8400FABC6D /* Resources */ = {
			isa = PBXResourcesBuildPhase;
			buildActionMask = 2147483647;
			files = (
				D22C452A1B2F5E8400FABC6D /* Images.xcassets in Resources */,
				D2ABD6531B4883CF00653319 /* MainMenu.xib in Resources */,
			);
			runOnlyForDeploymentPostprocessing = 0;
		};
		D22C45301B2F5E8400FABC6D /* Resources */ = {
			isa = PBXResourcesBuildPhase;
			buildActionMask = 2147483647;
			files = (
			);
			runOnlyForDeploymentPostprocessing = 0;
		};
/* End PBXResourcesBuildPhase section */

/* Begin PBXSourcesBuildPhase section */
		D22C45181B2F5E8400FABC6D /* Sources */ = {
			isa = PBXSourcesBuildPhase;
			buildActionMask = 2147483647;
			files = (
				D22C45281B2F5E8400FABC6D /* MainWindowController.m in Sources */,
				D22C45251B2F5E8400FABC6D /* main.m in Sources */,
				D2ABD6561B489EB900653319 /* SidebarTableCellView.m in Sources */,
				A29917B01B578D32005F8301 /* BugreportParser.m in Sources */,
				D22C45231B2F5E8400FABC6D /* AppDelegate.m in Sources */,
				A2C2C51B1BD8C1EA00DE4179 /* parsing_functions.m in Sources */,
				A2498FB41B5D324000E2BFC2 /* AProcess.m in Sources */,
				D2ABD6591B49831A00653319 /* ADBController.m in Sources */,
				A2498FB81B5E49BD00E2BFC2 /* AProcessList.m in Sources */,
				D209D2F51C0CD0FC002648E2 /* AUptime.m in Sources */,
				D2CDAB1C20D1A8A500418FC0 /* USBObserver.m in Sources */,
				A2482D581B54F8D0007BF49A /* DeviceListController.m in Sources */,
				A29917AC1B56A34D005F8301 /* ProgressPanel.m in Sources */,
			);
			runOnlyForDeploymentPostprocessing = 0;
		};
		D22C452E1B2F5E8400FABC6D /* Sources */ = {
			isa = PBXSourcesBuildPhase;
			buildActionMask = 2147483647;
			files = (
				D22C45391B2F5E8400FABC6D /* BugreportViewerTests.m in Sources */,
			);
			runOnlyForDeploymentPostprocessing = 0;
		};
/* End PBXSourcesBuildPhase section */

/* Begin PBXTargetDependency section */
		D22C45341B2F5E8400FABC6D /* PBXTargetDependency */ = {
			isa = PBXTargetDependency;
			target = D22C451B1B2F5E8400FABC6D /* BugreportViewer */;
			targetProxy = D22C45331B2F5E8400FABC6D /* PBXContainerItemProxy */;
		};
/* End PBXTargetDependency section */

/* Begin XCBuildConfiguration section */
		D22C453A1B2F5E8400FABC6D /* Debug */ = {
			isa = XCBuildConfiguration;
			buildSettings = {
				ALWAYS_SEARCH_USER_PATHS = NO;
				CLANG_CXX_LANGUAGE_STANDARD = "gnu++0x";
				CLANG_CXX_LIBRARY = "libc++";
				CLANG_ENABLE_MODULES = YES;
				CLANG_ENABLE_OBJC_ARC = YES;
				CLANG_WARN_BOOL_CONVERSION = YES;
				CLANG_WARN_CONSTANT_CONVERSION = YES;
				CLANG_WARN_DIRECT_OBJC_ISA_USAGE = YES_ERROR;
				CLANG_WARN_EMPTY_BODY = YES;
				CLANG_WARN_ENUM_CONVERSION = YES;
				CLANG_WARN_INT_CONVERSION = YES;
				CLANG_WARN_OBJC_ROOT_CLASS = YES_ERROR;
				CLANG_WARN_UNREACHABLE_CODE = YES;
				CLANG_WARN__DUPLICATE_METHOD_MATCH = YES;
				CODE_SIGN_IDENTITY = "-";
				COPY_PHASE_STRIP = NO;
				DEBUG_INFORMATION_FORMAT = dwarf;
				ENABLE_STRICT_OBJC_MSGSEND = YES;
				ENABLE_TESTABILITY = YES;
				GCC_C_LANGUAGE_STANDARD = gnu99;
				GCC_DYNAMIC_NO_PIC = NO;
				GCC_NO_COMMON_BLOCKS = YES;
				GCC_OPTIMIZATION_LEVEL = 0;
				GCC_PREPROCESSOR_DEFINITIONS = (
					"DEBUG=1",
					"$(inherited)",
				);
				GCC_SYMBOLS_PRIVATE_EXTERN = NO;
				GCC_WARN_64_TO_32_BIT_CONVERSION = YES;
				GCC_WARN_ABOUT_RETURN_TYPE = YES_ERROR;
				GCC_WARN_UNDECLARED_SELECTOR = YES;
				GCC_WARN_UNINITIALIZED_AUTOS = YES_AGGRESSIVE;
				GCC_WARN_UNUSED_FUNCTION = YES;
				GCC_WARN_UNUSED_VARIABLE = YES;
				MACOSX_DEPLOYMENT_TARGET = 10.10;
				MTL_ENABLE_DEBUG_INFO = YES;
				ONLY_ACTIVE_ARCH = YES;
				SDKROOT = macosx;
			};
			name = Debug;
		};
		D22C453B1B2F5E8400FABC6D /* Release */ = {
			isa = XCBuildConfiguration;
			buildSettings = {
				ALWAYS_SEARCH_USER_PATHS = NO;
				CLANG_CXX_LANGUAGE_STANDARD = "gnu++0x";
				CLANG_CXX_LIBRARY = "libc++";
				CLANG_ENABLE_MODULES = YES;
				CLANG_ENABLE_OBJC_ARC = YES;
				CLANG_WARN_BOOL_CONVERSION = YES;
				CLANG_WARN_CONSTANT_CONVERSION = YES;
				CLANG_WARN_DIRECT_OBJC_ISA_USAGE = YES_ERROR;
				CLANG_WARN_EMPTY_BODY = YES;
				CLANG_WARN_ENUM_CONVERSION = YES;
				CLANG_WARN_INT_CONVERSION = YES;
				CLANG_WARN_OBJC_ROOT_CLASS = YES_ERROR;
				CLANG_WARN_UNREACHABLE_CODE = YES;
				CLANG_WARN__DUPLICATE_METHOD_MATCH = YES;
				CODE_SIGN_IDENTITY = "-";
				COPY_PHASE_STRIP = NO;
				DEBUG_INFORMATION_FORMAT = "dwarf-with-dsym";
				ENABLE_NS_ASSERTIONS = NO;
				ENABLE_STRICT_OBJC_MSGSEND = YES;
				GCC_C_LANGUAGE_STANDARD = gnu99;
				GCC_NO_COMMON_BLOCKS = YES;
				GCC_WARN_64_TO_32_BIT_CONVERSION = YES;
				GCC_WARN_ABOUT_RETURN_TYPE = YES_ERROR;
				GCC_WARN_UNDECLARED_SELECTOR = YES;
				GCC_WARN_UNINITIALIZED_AUTOS = YES_AGGRESSIVE;
				GCC_WARN_UNUSED_FUNCTION = YES;
				GCC_WARN_UNUSED_VARIABLE = YES;
				MACOSX_DEPLOYMENT_TARGET = 10.10;
				MTL_ENABLE_DEBUG_INFO = NO;
				SDKROOT = macosx;
			};
			name = Release;
		};
		D22C453D1B2F5E8400FABC6D /* Debug */ = {
			isa = XCBuildConfiguration;
			buildSettings = {
				ASSETCATALOG_COMPILER_APPICON_NAME = AppIcon;
				COMBINE_HIDPI_IMAGES = YES;
				INFOPLIST_FILE = BugreportViewer/Info.plist;
				LD_RUNPATH_SEARCH_PATHS = "$(inherited) @executable_path/../Frameworks";
				MACOSX_DEPLOYMENT_TARGET = 10.10;
				PRODUCT_BUNDLE_IDENTIFIER = "com.yurybereza.$(PRODUCT_NAME:rfc1034identifier)";
				PRODUCT_NAME = "$(TARGET_NAME)";
			};
			name = Debug;
		};
		D22C453E1B2F5E8400FABC6D /* Release */ = {
			isa = XCBuildConfiguration;
			buildSettings = {
				ASSETCATALOG_COMPILER_APPICON_NAME = AppIcon;
				COMBINE_HIDPI_IMAGES = YES;
				INFOPLIST_FILE = BugreportViewer/Info.plist;
				LD_RUNPATH_SEARCH_PATHS = "$(inherited) @executable_path/../Frameworks";
				MACOSX_DEPLOYMENT_TARGET = 10.10;
				PRODUCT_BUNDLE_IDENTIFIER = "com.yurybereza.$(PRODUCT_NAME:rfc1034identifier)";
				PRODUCT_NAME = "$(TARGET_NAME)";
			};
			name = Release;
		};
		D22C45401B2F5E8400FABC6D /* Debug */ = {
			isa = XCBuildConfiguration;
			buildSettings = {
				BUNDLE_LOADER = "$(TEST_HOST)";
				COMBINE_HIDPI_IMAGES = YES;
				FRAMEWORK_SEARCH_PATHS = (
					"$(DEVELOPER_FRAMEWORKS_DIR)",
					"$(inherited)",
				);
				GCC_PREPROCESSOR_DEFINITIONS = (
					"DEBUG=1",
					"$(inherited)",
				);
				INFOPLIST_FILE = BugreportViewerTests/Info.plist;
				LD_RUNPATH_SEARCH_PATHS = "$(inherited) @executable_path/../Frameworks @loader_path/../Frameworks";
				PRODUCT_BUNDLE_IDENTIFIER = "com.yurybereza.$(PRODUCT_NAME:rfc1034identifier)";
				PRODUCT_NAME = "$(TARGET_NAME)";
				TEST_HOST = "$(BUILT_PRODUCTS_DIR)/BugreportViewer.app/Contents/MacOS/BugreportViewer";
			};
			name = Debug;
		};
		D22C45411B2F5E8400FABC6D /* Release */ = {
			isa = XCBuildConfiguration;
			buildSettings = {
				BUNDLE_LOADER = "$(TEST_HOST)";
				COMBINE_HIDPI_IMAGES = YES;
				FRAMEWORK_SEARCH_PATHS = (
					"$(DEVELOPER_FRAMEWORKS_DIR)",
					"$(inherited)",
				);
				INFOPLIST_FILE = BugreportViewerTests/Info.plist;
				LD_RUNPATH_SEARCH_PATHS = "$(inherited) @executable_path/../Frameworks @loader_path/../Frameworks";
				PRODUCT_BUNDLE_IDENTIFIER = "com.yurybereza.$(PRODUCT_NAME:rfc1034identifier)";
				PRODUCT_NAME = "$(TARGET_NAME)";
				TEST_HOST = "$(BUILT_PRODUCTS_DIR)/BugreportViewer.app/Contents/MacOS/BugreportViewer";
			};
			name = Release;
		};
/* End XCBuildConfiguration section */

/* Begin XCConfigurationList section */
		D22C45171B2F5E8400FABC6D /* Build configuration list for PBXProject "BugreportViewer" */ = {
			isa = XCConfigurationList;
			buildConfigurations = (
				D22C453A1B2F5E8400FABC6D /* Debug */,
				D22C453B1B2F5E8400FABC6D /* Release */,
			);
			defaultConfigurationIsVisible = 0;
			defaultConfigurationName = Release;
		};
		D22C453C1B2F5E8400FABC6D /* Build configuration list for PBXNativeTarget "BugreportViewer" */ = {
			isa = XCConfigurationList;
			buildConfigurations = (
				D22C453D1B2F5E8400FABC6D /* Debug */,
				D22C453E1B2F5E8400FABC6D /* Release */,
			);
			defaultConfigurationIsVisible = 0;
			defaultConfigurationName = Release;
		};
		D22C453F1B2F5E8400FABC6D /* Build configuration list for PBXNativeTarget "BugreportViewerTests" */ = {
			isa = XCConfigurationList;
			buildConfigurations = (
				D22C45401B2F5E8400FABC6D /* Debug */,
				D22C45411B2F5E8400FABC6D /* Release */,
			);
			defaultConfigurationIsVisible = 0;
			defaultConfigurationName = Release;
		};
/* End XCConfigurationList section */
	};
	rootObject = D22C45141B2F5E8400FABC6D /* Project object */;
}
